
Microsoft Visual Studio Solution File, Format Version 12.00
# Visual Studio Express 2013 for Windows Desktop
VisualStudioVersion = 12.0.30110.0
MinimumVisualStudioVersion = 10.0.40219.1
Project("{8BC9CEB8-8B4A-11D0-8D11-00A0C91BC942}") = "dots", "dots.vcxproj", "{6EA5E475-7BEB-42FA-A0A9-A59C839E856E}"
EndProject
Project("{8BC9CEB8-8B4A-11D0-8D11-00A0C91BC942}") = "dots_debug", "..\dots_debug\dots_debug.vcxproj", "{0ABE878B-46C3-421F-BD66-5A5D301237EA}"
EndProject
Global
	GlobalSection(SolutionConfigurationPlatforms) = preSolution
		Debug|Win32 = Debug|Win32
		Release|Win32 = Release|Win32
	EndGlobalSection
	GlobalSection(ProjectConfigurationPlatforms) = postSolution
		{6EA5E475-7BEB-42FA-A0A9-A59C839E856E}.Debug|Win32.ActiveCfg = Debug|Win32
		{6EA5E475-7BEB-42FA-A0A9-A59C839E856E}.Debug|Win32.Build.0 = Debug|Win32
		{6EA5E475-7BEB-42FA-A0A9-A59C839E856E}.Release|Win32.ActiveCfg = Release|Win32
		{6EA5E475-7BEB-42FA-A0A9-A59C839E856E}.Release|Win32.Build.0 = Release|Win32
		{0ABE878B-46C3-421F-BD66-5A5D301237EA}.Debug|Win32.ActiveCfg = Debug|Win32
		{0ABE878B-46C3-421F-BD66-5A5D301237EA}.Debug|Win32.Build.0 = Debug|Win32
		{0ABE878B-46C3-421F-BD66-5A5D301237EA}.Release|Win32.ActiveCfg = Release|Win32
		{0ABE878B-46C3-421F-BD66-5A5D301237EA}.Release|Win32.Build.0 = Release|Win32
	EndGlobalSection
	GlobalSection(SolutionProperties) = preSolution
		HideSolutionNode = FALSE
	EndGlobalSection
EndGlobal
